// !$*UTF8*$!
{
	archiveVersion = 1;
	classes = {
	};
	objectVersion = 50;
	objects = {

/* Begin PBXBuildFile section */
		B3FFAE5B216F3D2B003D4D99 /* AppDelegate.swift in Sources */ = {isa = PBXBuildFile; fileRef = B3FFAE5A216F3D2B003D4D99 /* AppDelegate.swift */; };
		B3FFAE5D216F3D2B003D4D99 /* art.scnassets in Resources */ = {isa = PBXBuildFile; fileRef = B3FFAE5C216F3D2B003D4D99 /* art.scnassets */; };
		B3FFAE5F216F3D2B003D4D99 /* ViewController.swift in Sources */ = {isa = PBXBuildFile; fileRef = B3FFAE5E216F3D2B003D4D99 /* ViewController.swift */; };
		B3FFAE62216F3D2B003D4D99 /* Main.storyboard in Resources */ = {isa = PBXBuildFile; fileRef = B3FFAE60216F3D2B003D4D99 /* Main.storyboard */; };
		B3FFAE64216F3D2D003D4D99 /* Assets.xcassets in Resources */ = {isa = PBXBuildFile; fileRef = B3FFAE63216F3D2D003D4D99 /* Assets.xcassets */; };
		B3FFAE67216F3D2D003D4D99 /* LaunchScreen.storyboard in Resources */ = {isa = PBXBuildFile; fileRef = B3FFAE65216F3D2D003D4D99 /* LaunchScreen.storyboard */; };
		B3FFAE6F216F3D73003D4D99 /* ResidentialAreaInformationView.swift in Sources */ = {isa = PBXBuildFile; fileRef = B3FFAE6E216F3D73003D4D99 /* ResidentialAreaInformationView.swift */; };
/* End PBXBuildFile section */

/* Begin PBXFileReference section */
		B3FFAE57216F3D2B003D4D99 /* ARKitSceneKitDemo.app */ = {isa = PBXFileReference; explicitFileType = wrapper.application; includeInIndex = 0; path = ARKitSceneKitDemo.app; sourceTree = BUILT_PRODUCTS_DIR; };
		B3FFAE5A216F3D2B003D4D99 /* AppDelegate.swift */ = {isa = PBXFileReference; lastKnownFileType = sourcecode.swift; path = AppDelegate.swift; sourceTree = "<group>"; };
		B3FFAE5C216F3D2B003D4D99 /* art.scnassets */ = {isa = PBXFileReference; lastKnownFileType = wrapper.scnassets; path = art.scnassets; sourceTree = "<group>"; };
		B3FFAE5E216F3D2B003D4D99 /* ViewController.swift */ = {isa = PBXFileReference; lastKnownFileType = sourcecode.swift; path = ViewController.swift; sourceTree = "<group>"; };
		B3FFAE61216F3D2B003D4D99 /* Base */ = {isa = PBXFileReference; lastKnownFileType = file.storyboard; name = Base; path = Base.lproj/Main.storyboard; sourceTree = "<group>"; };
		B3FFAE63216F3D2D003D4D99 /* Assets.xcassets */ = {isa = PBXFileReference; lastKnownFileType = folder.assetcatalog; path = Assets.xcassets; sourceTree = "<group>"; };
		B3FFAE66216F3D2D003D4D99 /* Base */ = {isa = PBXFileReference; lastKnownFileType = file.storyboard; name = Base; path = Base.lproj/LaunchScreen.storyboard; sourceTree = "<group>"; };
		B3FFAE68216F3D2D003D4D99 /* Info.plist */ = {isa = PBXFileReference; lastKnownFileType = text.plist.xml; path = Info.plist; sourceTree = "<group>"; };
		B3FFAE6E216F3D73003D4D99 /* ResidentialAreaInformationView.swift */ = {isa = PBXFileReference; fileEncoding = 4; lastKnownFileType = sourcecode.swift; path = ResidentialAreaInformationView.swift; sourceTree = "<group>"; };
/* End PBXFileReference section */

/* Begin PBXFrameworksBuildPhase section */
		B3FFAE54216F3D2B003D4D99 /* Frameworks */ = {
			isa = PBXFrameworksBuildPhase;
			buildActionMask = 2147483647;
			files = (
			);
			runOnlyForDeploymentPostprocessing = 0;
		};
/* End PBXFrameworksBuildPhase section */

/* Begin PBXGroup section */
		B3FFAE4E216F3D2B003D4D99 = {
			isa = PBXGroup;
			children = (
				B3FFAE59216F3D2B003D4D99 /* ARKitSceneKitDemo */,
				B3FFAE58216F3D2B003D4D99 /* Products */,
			);
			sourceTree = "<group>";
		};
		B3FFAE58216F3D2B003D4D99 /* Products */ = {
			isa = PBXGroup;
			children = (
				B3FFAE57216F3D2B003D4D99 /* ARKitSceneKitDemo.app */,
			);
			name = Products;
			sourceTree = "<group>";
		};
		B3FFAE59216F3D2B003D4D99 /* ARKitSceneKitDemo */ = {
			isa = PBXGroup;
			children = (
				B3FFAE5A216F3D2B003D4D99 /* AppDelegate.swift */,
				B3FFAE5C216F3D2B003D4D99 /* art.scnassets */,
				B3FFAE5E216F3D2B003D4D99 /* ViewController.swift */,
				B3FFAE6E216F3D73003D4D99 /* ResidentialAreaInformationView.swift */,
				B3FFAE60216F3D2B003D4D99 /* Main.storyboard */,
				B3FFAE63216F3D2D003D4D99 /* Assets.xcassets */,
				B3FFAE65216F3D2D003D4D99 /* LaunchScreen.storyboard */,
				B3FFAE68216F3D2D003D4D99 /* Info.plist */,
			);
			path = ARKitSceneKitDemo;
			sourceTree = "<group>";
		};
/* End PBXGroup section */

/* Begin PBXNativeTarget section */
		B3FFAE56216F3D2B003D4D99 /* ARKitSceneKitDemo */ = {
			isa = PBXNativeTarget;
			buildConfigurationList = B3FFAE6B216F3D2D003D4D99 /* Build configuration list for PBXNativeTarget "ARKitSceneKitDemo" */;
			buildPhases = (
				B3FFAE53216F3D2B003D4D99 /* Sources */,
				B3FFAE54216F3D2B003D4D99 /* Frameworks */,
				B3FFAE55216F3D2B003D4D99 /* Resources */,
			);
			buildRules = (
			);
			dependencies = (
			);
			name = ARKitSceneKitDemo;
			productName = ARKitSceneKitDemo;
			productReference = B3FFAE57216F3D2B003D4D99 /* ARKitSceneKitDemo.app */;
			productType = "com.apple.product-type.application";
		};
/* End PBXNativeTarget section */

/* Begin PBXProject section */
		B3FFAE4F216F3D2B003D4D99 /* Project object */ = {
			isa = PBXProject;
			attributes = {
				LastSwiftUpdateCheck = 1000;
				LastUpgradeCheck = 1000;
				ORGANIZATIONNAME = "张晓珊";
				TargetAttributes = {
					B3FFAE56216F3D2B003D4D99 = {
						CreatedOnToolsVersion = 10.0;
					};
				};
			};
			buildConfigurationList = B3FFAE52216F3D2B003D4D99 /* Build configuration list for PBXProject "ARKitSceneKitDemo" */;
			compatibilityVersion = "Xcode 9.3";
			developmentRegion = en;
			hasScannedForEncodings = 0;
			knownRegions = (
				en,
				Base,
			);
			mainGroup = B3FFAE4E216F3D2B003D4D99;
			productRefGroup = B3FFAE58216F3D2B003D4D99 /* Products */;
			projectDirPath = "";
			projectRoot = "";
			targets = (
				B3FFAE56216F3D2B003D4D99 /* ARKitSceneKitDemo */,
			);
		};
/* End PBXProject section */

/* Begin PBXResourcesBuildPhase section */
		B3FFAE55216F3D2B003D4D99 /* Resources */ = {
			isa = PBXResourcesBuildPhase;
			buildActionMask = 2147483647;
			files = (
				B3FFAE5D216F3D2B003D4D99 /* art.scnassets in Resources */,
				B3FFAE67216F3D2D003D4D99 /* LaunchScreen.storyboard in Resources */,
				B3FFAE64216F3D2D003D4D99 /* Assets.xcassets in Resources */,
				B3FFAE62216F3D2B003D4D99 /* Main.storyboard in Resources */,
			);
			runOnlyForDeploymentPostprocessing = 0;
		};
/* End PBXResourcesBuildPhase section */

/* Begin PBXSourcesBuildPhase section */
		B3FFAE53216F3D2B003D4D99 /* Sources */ = {
			isa = PBXSourcesBuildPhase;
			buildActionMask = 2147483647;
			files = (
				B3FFAE5F216F3D2B003D4D99 /* ViewController.swift in Sources */,
				B3FFAE5B216F3D2B003D4D99 /* AppDelegate.swift in Sources */,
				B3FFAE6F216F3D73003D4D99 /* ResidentialAreaInformationView.swift in Sources */,
			);
			runOnlyForDeploymentPostprocessing = 0;
		};
/* End PBXSourcesBuildPhase section */

/* Begin PBXVariantGroup section */
		B3FFAE60216F3D2B003D4D99 /* Main.storyboard */ = {
			isa = PBXVariantGroup;
			children = (
				B3FFAE61216F3D2B003D4D99 /* Base */,
			);
			name = Main.storyboard;
			sourceTree = "<group>";
		};
		B3FFAE65216F3D2D003D4D99 /* LaunchScreen.storyboard */ = {
			isa = PBXVariantGroup;
			children = (
				B3FFAE66216F3D2D003D4D99 /* Base */,
			);
			name = LaunchScreen.storyboard;
			sourceTree = "<group>";
		};
/* End PBXVariantGroup section */

/* Begin XCBuildConfiguration section */
		B3FFAE69216F3D2D003D4D99 /* Debug */ = {
			isa = XCBuildConfiguration;
			buildSettings = {
				ALWAYS_SEARCH_USER_PATHS = NO;
				CLANG_ANALYZER_NONNULL = YES;
				CLANG_ANALYZER_NUMBER_OBJECT_CONVERSION = YES_AGGRESSIVE;
				CLANG_CXX_LANGUAGE_STANDARD = "gnu++14";
				CLANG_CXX_LIBRARY = "libc++";
				CLANG_ENABLE_MODULES = YES;
				CLANG_ENABLE_OBJC_ARC = YES;
				CLANG_ENABLE_OBJC_WEAK = YES;
				CLANG_WARN_BLOCK_CAPTURE_AUTORELEASING = YES;
				CLANG_WARN_BOOL_CONVERSION = YES;
				CLANG_WARN_COMMA = YES;
				CLANG_WARN_CONSTANT_CONVERSION = YES;
				CLANG_WARN_DEPRECATED_OBJC_IMPLEMENTATIONS = YES;
				CLANG_WARN_DIRECT_OBJC_ISA_USAGE = YES_ERROR;
				CLANG_WARN_DOCUMENTATION_COMMENTS = YES;
				CLANG_WARN_EMPTY_BODY = YES;
				CLANG_WARN_ENUM_CONVERSION = YES;
				CLANG_WARN_INFINITE_RECURSION = YES;
				CLANG_WARN_INT_CONVERSION = YES;
				CLANG_WARN_NON_LITERAL_NULL_CONVERSION = YES;
				CLANG_WARN_OBJC_IMPLICIT_RETAIN_SELF = YES;
				CLANG_WARN_OBJC_LITERAL_CONVERSION = YES;
				CLANG_WARN_OBJC_ROOT_CLASS = YES_ERROR;
				CLANG_WARN_RANGE_LOOP_ANALYSIS = YES;
				CLANG_WARN_STRICT_PROTOTYPES = YES;
				CLANG_WARN_SUSPICIOUS_MOVE = YES;
				CLANG_WARN_UNGUARDED_AVAILABILITY = YES_AGGRESSIVE;
				CLANG_WARN_UNREACHABLE_CODE = YES;
				CLANG_WARN__DUPLICATE_METHOD_MATCH = YES;
				CODE_SIGN_IDENTITY = "iPhone Developer";
				COPY_PHASE_STRIP = NO;
				DEBUG_INFORMATION_FORMAT = dwarf;
				ENABLE_STRICT_OBJC_MSGSEND = YES;
				ENABLE_TESTABILITY = YES;
				GCC_C_LANGUAGE_STANDARD = gnu11;
				GCC_DYNAMIC_NO_PIC = NO;
				GCC_NO_COMMON_BLOCKS = YES;
				GCC_OPTIMIZATION_LEVEL = 0;
				GCC_PREPROCESSOR_DEFINITIONS = (
					"DEBUG=1",
					"$(inherited)",
				);
				GCC_WARN_64_TO_32_BIT_CONVERSION = YES;
				GCC_WARN_ABOUT_RETURN_TYPE = YES_ERROR;
				GCC_WARN_UNDECLARED_SELECTOR = YES;
				GCC_WARN_UNINITIALIZED_AUTOS = YES_AGGRESSIVE;
				GCC_WARN_UNUSED_FUNCTION = YES;
				GCC_WARN_UNUSED_VARIABLE = YES;
				IPHONEOS_DEPLOYMENT_TARGET = 12.0;
				MTL_ENABLE_DEBUG_INFO = INCLUDE_SOURCE;
				MTL_FAST_MATH = YES;
				ONLY_ACTIVE_ARCH = YES;
				SDKROOT = iphoneos;
				SWIFT_ACTIVE_COMPILATION_CONDITIONS = DEBUG;
				SWIFT_OPTIMIZATION_LEVEL = "-Onone";
			};
			name = Debug;
		};
		B3FFAE6A216F3D2D003D4D99 /* Release */ = {
			isa = XCBuildConfiguration;
			buildSettings = {
				ALWAYS_SEARCH_USER_PATHS = NO;
				CLANG_ANALYZER_NONNULL = YES;
				CLANG_ANALYZER_NUMBER_OBJECT_CONVERSION = YES_AGGRESSIVE;
				CLANG_CXX_LANGUAGE_STANDARD = "gnu++14";
				CLANG_CXX_LIBRARY = "libc++";
				CLANG_ENABLE_MODULES = YES;
				CLANG_ENABLE_OBJC_ARC = YES;
				CLANG_ENABLE_OBJC_WEAK = YES;
				CLANG_WARN_BLOCK_CAPTURE_AUTORELEASING = YES;
				CLANG_WARN_BOOL_CONVERSION = YES;
				CLANG_WARN_COMMA = YES;
				CLANG_WARN_CONSTANT_CONVERSION = YES;
				CLANG_WARN_DEPRECATED_OBJC_IMPLEMENTATIONS = YES;
				CLANG_WARN_DIRECT_OBJC_ISA_USAGE = YES_ERROR;
				CLANG_WARN_DOCUMENTATION_COMMENTS = YES;
				CLANG_WARN_EMPTY_BODY = YES;
				CLANG_WARN_ENUM_CONVERSION = YES;
				CLANG_WARN_INFINITE_RECURSION = YES;
				CLANG_WARN_INT_CONVERSION = YES;
				CLANG_WARN_NON_LITERAL_NULL_CONVERSION = YES;
				CLANG_WARN_OBJC_IMPLICIT_RETAIN_SELF = YES;
				CLANG_WARN_OBJC_LITERAL_CONVERSION = YES;
				CLANG_WARN_OBJC_ROOT_CLASS = YES_ERROR;
				CLANG_WARN_RANGE_LOOP_ANALYSIS = YES;
				CLANG_WARN_STRICT_PROTOTYPES = YES;
				CLANG_WARN_SUSPICIOUS_MOVE = YES;
				CLANG_WARN_UNGUARDED_AVAILABILITY = YES_AGGRESSIVE;
				CLANG_WARN_UNREACHABLE_CODE = YES;
				CLANG_WARN__DUPLICATE_METHOD_MATCH = YES;
				CODE_SIGN_IDENTITY = "iPhone Developer";
				COPY_PHASE_STRIP = NO;
				DEBUG_INFORMATION_FORMAT = "dwarf-with-dsym";
				ENABLE_NS_ASSERTIONS = NO;
				ENABLE_STRICT_OBJC_MSGSEND = YES;
				GCC_C_LANGUAGE_STANDARD = gnu11;
				GCC_NO_COMMON_BLOCKS = YES;
				GCC_WARN_64_TO_32_BIT_CONVERSION = YES;
				GCC_WARN_ABOUT_RETURN_TYPE = YES_ERROR;
				GCC_WARN_UNDECLARED_SELECTOR = YES;
				GCC_WARN_UNINITIALIZED_AUTOS = YES_AGGRESSIVE;
				GCC_WARN_UNUSED_FUNCTION = YES;
				GCC_WARN_UNUSED_VARIABLE = YES;
				IPHONEOS_DEPLOYMENT_TARGET = 12.0;
				MTL_ENABLE_DEBUG_INFO = NO;
				MTL_FAST_MATH = YES;
				SDKROOT = iphoneos;
				SWIFT_COMPILATION_MODE = wholemodule;
				SWIFT_OPTIMIZATION_LEVEL = "-O";
				VALIDATE_PRODUCT = YES;
			};
			name = Release;
		};
		B3FFAE6C216F3D2D003D4D99 /* Debug */ = {
			isa = XCBuildConfiguration;
			buildSettings = {
				ASSETCATALOG_COMPILER_APPICON_NAME = AppIcon;
				CODE_SIGN_STYLE = Automatic;
				DEVELOPMENT_TEAM = AHJHGYFA8S;
				INFOPLIST_FILE = ARKitSceneKitDemo/Info.plist;
				LD_RUNPATH_SEARCH_PATHS = (
					"$(inherited)",
					"@executable_path/Frameworks",
				);
				PRODUCT_BUNDLE_IDENTIFIER = com.beike.ARKitSceneKitDemo;
				PRODUCT_NAME = "$(TARGET_NAME)";
				SWIFT_VERSION = 4.2;
				TARGETED_DEVICE_FAMILY = "1,2";
			};
			name = Debug;
		};
		B3FFAE6D216F3D2D003D4D99 /* Release */ = {
			isa = XCBuildConfiguration;
			buildSettings = {
				ASSETCATALOG_COMPILER_APPICON_NAME = AppIcon;
				CODE_SIGN_STYLE = Automatic;
				DEVELOPMENT_TEAM = AHJHGYFA8S;
				INFOPLIST_FILE = ARKitSceneKitDemo/Info.plist;
				LD_RUNPATH_SEARCH_PATHS = (
					"$(inherited)",
					"@executable_path/Frameworks",
				);
				PRODUCT_BUNDLE_IDENTIFIER = com.beike.ARKitSceneKitDemo;
				PRODUCT_NAME = "$(TARGET_NAME)";
				SWIFT_VERSION = 4.2;
				TARGETED_DEVICE_FAMILY = "1,2";
			};
			name = Release;
		};
/* End XCBuildConfiguration section */

/* Begin XCConfigurationList section */
		B3FFAE52216F3D2B003D4D99 /* Build configuration list for PBXProject "ARKitSceneKitDemo" */ = {
			isa = XCConfigurationList;
			buildConfigurations = (
				B3FFAE69216F3D2D003D4D99 /* Debug */,
				B3FFAE6A216F3D2D003D4D99 /* Release */,
			);
			defaultConfigurationIsVisible = 0;
			defaultConfigurationName = Release;
		};
		B3FFAE6B216F3D2D003D4D99 /* Build configuration list for PBXNativeTarget "ARKitSceneKitDemo" */ = {
			isa = XCConfigurationList;
			buildConfigurations = (
				B3FFAE6C216F3D2D003D4D99 /* Debug */,
				B3FFAE6D216F3D2D003D4D99 /* Release */,
			);
			defaultConfigurationIsVisible = 0;
			defaultConfigurationName = Release;
		};
/* End XCConfigurationList section */
	};
	rootObject = B3FFAE4F216F3D2B003D4D99 /* Project object */;
}
